
Microsoft Visual Studio Solution File, Format Version 12.00
# Visual Studio Version 17
VisualStudioVersion = 17.12.35506.116 d17.12
MinimumVisualStudioVersion = 10.0.40219.1
Project("{FAE04EC0-301F-11D3-BF4B-00C04F79EFBC}") = "Korn.Logger.Core", "Korn.Logger.Core\Korn.Logger.Core.csproj", "{FCC695BB-6D09-4723-80B2-D39D5D0C0C81}"
EndProject
Global
	GlobalSection(SolutionConfigurationPlatforms) = preSolution
		Debug|Any CPU = Debug|Any CPU
		Release|Any CPU = Release|Any CPU
	EndGlobalSection
	GlobalSection(ProjectConfigurationPlatforms) = postSolution
		{FCC695BB-6D09-4723-80B2-D39D5D0C0C81}.Debug|Any CPU.ActiveCfg = Debug|Any CPU
		{FCC695BB-6D09-4723-80B2-D39D5D0C0C81}.Debug|Any CPU.Build.0 = Debug|Any CPU
		{FCC695BB-6D09-4723-80B2-D39D5D0C0C81}.Release|Any CPU.ActiveCfg = Release|Any CPU
		{FCC695BB-6D09-4723-80B2-D39D5D0C0C81}.Release|Any CPU.Build.0 = Release|Any CPU
	EndGlobalSection
	GlobalSection(SolutionProperties) = preSolution
		HideSolutionNode = FALSE
	EndGlobalSection
EndGlobal
